
Microsoft Visual Studio Solution File, Format Version 12.00
# Visual Studio Version 17
VisualStudioVersion = 17.14.36811.4 d17.14
MinimumVisualStudioVersion = 10.0.40219.1
Project("{FAE04EC0-301F-11D3-BF4B-00C04F79EFBC}") = "Lab1", "Lab1\Lab1.csproj", "{BA00FB63-ACDD-499F-BEEC-CE0E46BC04DC}"
EndProject
Global
	GlobalSection(SolutionConfigurationPlatforms) = preSolution
		Debug|Any CPU = Debug|Any CPU
		Release|Any CPU = Release|Any CPU
	EndGlobalSection
	GlobalSection(ProjectConfigurationPlatforms) = postSolution
		{BA00FB63-ACDD-499F-BEEC-CE0E46BC04DC}.Debug|Any CPU.ActiveCfg = Debug|Any CPU
		{BA00FB63-ACDD-499F-BEEC-CE0E46BC04DC}.Debug|Any CPU.Build.0 = Debug|Any CPU
		{BA00FB63-ACDD-499F-BEEC-CE0E46BC04DC}.Release|Any CPU.ActiveCfg = Release|Any CPU
		{BA00FB63-ACDD-499F-BEEC-CE0E46BC04DC}.Release|Any CPU.Build.0 = Release|Any CPU
	EndGlobalSection
	GlobalSection(SolutionProperties) = preSolution
		HideSolutionNode = FALSE
	EndGlobalSection
	GlobalSection(ExtensibilityGlobals) = postSolution
		SolutionGuid = {5E7D9646-795C-4B30-B569-53D0F50676BE}
	EndGlobalSection
EndGlobal
